
Microsoft Visual Studio Solution File, Format Version 12.00
# Visual Studio Version 16
VisualStudioVersion = 16.0.29519.87
MinimumVisualStudioVersion = 10.0.40219.1
Project("{FAE04EC0-301F-11D3-BF4B-00C04F79EFBC}") = "KutlanKocamanDemo", "KutlanKocamanDemo\KutlanKocamanDemo.csproj", "{A5817BE9-C220-4F64-B5D4-47CFD4BDAA74}"
EndProject
Global
	GlobalSection(SolutionConfigurationPlatforms) = preSolution
		Debug|Any CPU = Debug|Any CPU
		Release|Any CPU = Release|Any CPU
	EndGlobalSection
	GlobalSection(ProjectConfigurationPlatforms) = postSolution
		{A5817BE9-C220-4F64-B5D4-47CFD4BDAA74}.Debug|Any CPU.ActiveCfg = Debug|Any CPU
		{A5817BE9-C220-4F64-B5D4-47CFD4BDAA74}.Debug|Any CPU.Build.0 = Debug|Any CPU
		{A5817BE9-C220-4F64-B5D4-47CFD4BDAA74}.Release|Any CPU.ActiveCfg = Release|Any CPU
		{A5817BE9-C220-4F64-B5D4-47CFD4BDAA74}.Release|Any CPU.Build.0 = Release|Any CPU
	EndGlobalSection
	GlobalSection(SolutionProperties) = preSolution
		HideSolutionNode = FALSE
	EndGlobalSection
	GlobalSection(ExtensibilityGlobals) = postSolution
		SolutionGuid = {239CA836-E172-4E4D-8039-4DB3AF807661}
	EndGlobalSection
EndGlobal
